
Microsoft Visual Studio Solution File, Format Version 12.00
# Visual Studio 15
VisualStudioVersion = 15.0.28307.572
MinimumVisualStudioVersion = 10.0.40219.1
Project("{FAE04EC0-301F-11D3-BF4B-00C04F79EFBC}") = "Remoto", "Remoto\Remoto.csproj", "{09E4C871-25BF-4D98-AAF8-E174223B3030}"
EndProject
Global
	GlobalSection(SolutionConfigurationPlatforms) = preSolution
		Debug|Any CPU = Debug|Any CPU
		Release|Any CPU = Release|Any CPU
	EndGlobalSection
	GlobalSection(ProjectConfigurationPlatforms) = postSolution
		{09E4C871-25BF-4D98-AAF8-E174223B3030}.Debug|Any CPU.ActiveCfg = Debug|Any CPU
		{09E4C871-25BF-4D98-AAF8-E174223B3030}.Debug|Any CPU.Build.0 = Debug|Any CPU
		{09E4C871-25BF-4D98-AAF8-E174223B3030}.Release|Any CPU.ActiveCfg = Release|Any CPU
		{09E4C871-25BF-4D98-AAF8-E174223B3030}.Release|Any CPU.Build.0 = Release|Any CPU
	EndGlobalSection
	GlobalSection(SolutionProperties) = preSolution
		HideSolutionNode = FALSE
	EndGlobalSection
	GlobalSection(ExtensibilityGlobals) = postSolution
		SolutionGuid = {7DEA9A2D-8A5D-4CF5-A0E2-87E9C49746B2}
	EndGlobalSection
EndGlobal
